
Microsoft Visual Studio Solution File, Format Version 12.00
# Visual Studio 15
VisualStudioVersion = 15.0.27428.2015
MinimumVisualStudioVersion = 10.0.40219.1
Project("{9A19103F-16F7-4668-BE54-9A1E7A4F7556}") = "IPG.Projeto.MVC", "IPG.Projeto.MVC\IPG.Projeto.MVC.csproj", "{217541F4-6947-477D-9383-B3BF0A206B79}"
EndProject
Project("{9A19103F-16F7-4668-BE54-9A1E7A4F7556}") = "IPG.Projeto.Public", "IPG.Projeto.Public\IPG.Projeto.Public.csproj", "{331458E5-96E6-414C-A619-81C68CD90F8D}"
EndProject
Project("{9A19103F-16F7-4668-BE54-9A1E7A4F7556}") = "IPG.Projeto.API", "IPG.Projeto.API\IPG.Projeto.API.csproj", "{DF0B744F-B88F-4998-98AC-C57DE452F696}"
EndProject
Global
	GlobalSection(SolutionConfigurationPlatforms) = preSolution
		Ad-Hoc|Any CPU = Ad-Hoc|Any CPU
		Ad-Hoc|iPhone = Ad-Hoc|iPhone
		Ad-Hoc|iPhoneSimulator = Ad-Hoc|iPhoneSimulator
		AppStore|Any CPU = AppStore|Any CPU
		AppStore|iPhone = AppStore|iPhone
		AppStore|iPhoneSimulator = AppStore|iPhoneSimulator
		Debug|Any CPU = Debug|Any CPU
		Debug|iPhone = Debug|iPhone
		Debug|iPhoneSimulator = Debug|iPhoneSimulator
		Release|Any CPU = Release|Any CPU
		Release|iPhone = Release|iPhone
		Release|iPhoneSimulator = Release|iPhoneSimulator
	EndGlobalSection
	GlobalSection(ProjectConfigurationPlatforms) = postSolution
		{217541F4-6947-477D-9383-B3BF0A206B79}.Ad-Hoc|Any CPU.ActiveCfg = Debug|Any CPU
		{217541F4-6947-477D-9383-B3BF0A206B79}.Ad-Hoc|Any CPU.Build.0 = Debug|Any CPU
		{217541F4-6947-477D-9383-B3BF0A206B79}.Ad-Hoc|iPhone.ActiveCfg = Debug|Any CPU
		{217541F4-6947-477D-9383-B3BF0A206B79}.Ad-Hoc|iPhone.Build.0 = Debug|Any CPU
		{217541F4-6947-477D-9383-B3BF0A206B79}.Ad-Hoc|iPhoneSimulator.ActiveCfg = Debug|Any CPU
		{217541F4-6947-477D-9383-B3BF0A206B79}.Ad-Hoc|iPhoneSimulator.Build.0 = Debug|Any CPU
		{217541F4-6947-477D-9383-B3BF0A206B79}.AppStore|Any CPU.ActiveCfg = Debug|Any CPU
		{217541F4-6947-477D-9383-B3BF0A206B79}.AppStore|Any CPU.Build.0 = Debug|Any CPU
		{217541F4-6947-477D-9383-B3BF0A206B79}.AppStore|iPhone.ActiveCfg = Debug|Any CPU
		{217541F4-6947-477D-9383-B3BF0A206B79}.AppStore|iPhone.Build.0 = Debug|Any CPU
		{217541F4-6947-477D-9383-B3BF0A206B79}.AppStore|iPhoneSimulator.ActiveCfg = Debug|Any CPU
		{217541F4-6947-477D-9383-B3BF0A206B79}.AppStore|iPhoneSimulator.Build.0 = Debug|Any CPU
		{217541F4-6947-477D-9383-B3BF0A206B79}.Debug|Any CPU.ActiveCfg = Debug|Any CPU
		{217541F4-6947-477D-9383-B3BF0A206B79}.Debug|Any CPU.Build.0 = Debug|Any CPU
		{217541F4-6947-477D-9383-B3BF0A206B79}.Debug|iPhone.ActiveCfg = Debug|Any CPU
		{217541F4-6947-477D-9383-B3BF0A206B79}.Debug|iPhone.Build.0 = Debug|Any CPU
		{217541F4-6947-477D-9383-B3BF0A206B79}.Debug|iPhoneSimulator.ActiveCfg = Debug|Any CPU
		{217541F4-6947-477D-9383-B3BF0A206B79}.Debug|iPhoneSimulator.Build.0 = Debug|Any CPU
		{217541F4-6947-477D-9383-B3BF0A206B79}.Release|Any CPU.ActiveCfg = Release|Any CPU
		{217541F4-6947-477D-9383-B3BF0A206B79}.Release|Any CPU.Build.0 = Release|Any CPU
		{217541F4-6947-477D-9383-B3BF0A206B79}.Release|iPhone.ActiveCfg = Release|Any CPU
		{217541F4-6947-477D-9383-B3BF0A206B79}.Release|iPhone.Build.0 = Release|Any CPU
		{217541F4-6947-477D-9383-B3BF0A206B79}.Release|iPhoneSimulator.ActiveCfg = Release|Any CPU
		{217541F4-6947-477D-9383-B3BF0A206B79}.Release|iPhoneSimulator.Build.0 = Release|Any CPU
		{331458E5-96E6-414C-A619-81C68CD90F8D}.Ad-Hoc|Any CPU.ActiveCfg = Debug|Any CPU
		{331458E5-96E6-414C-A619-81C68CD90F8D}.Ad-Hoc|Any CPU.Build.0 = Debug|Any CPU
		{331458E5-96E6-414C-A619-81C68CD90F8D}.Ad-Hoc|iPhone.ActiveCfg = Debug|Any CPU
		{331458E5-96E6-414C-A619-81C68CD90F8D}.Ad-Hoc|iPhone.Build.0 = Debug|Any CPU
		{331458E5-96E6-414C-A619-81C68CD90F8D}.Ad-Hoc|iPhoneSimulator.ActiveCfg = Debug|Any CPU
		{331458E5-96E6-414C-A619-81C68CD90F8D}.Ad-Hoc|iPhoneSimulator.Build.0 = Debug|Any CPU
		{331458E5-96E6-414C-A619-81C68CD90F8D}.AppStore|Any CPU.ActiveCfg = Debug|Any CPU
		{331458E5-96E6-414C-A619-81C68CD90F8D}.AppStore|Any CPU.Build.0 = Debug|Any CPU
		{331458E5-96E6-414C-A619-81C68CD90F8D}.AppStore|iPhone.ActiveCfg = Debug|Any CPU
		{331458E5-96E6-414C-A619-81C68CD90F8D}.AppStore|iPhone.Build.0 = Debug|Any CPU
		{331458E5-96E6-414C-A619-81C68CD90F8D}.AppStore|iPhoneSimulator.ActiveCfg = Debug|Any CPU
		{331458E5-96E6-414C-A619-81C68CD90F8D}.AppStore|iPhoneSimulator.Build.0 = Debug|Any CPU
		{331458E5-96E6-414C-A619-81C68CD90F8D}.Debug|Any CPU.ActiveCfg = Debug|Any CPU
		{331458E5-96E6-414C-A619-81C68CD90F8D}.Debug|Any CPU.Build.0 = Debug|Any CPU
		{331458E5-96E6-414C-A619-81C68CD90F8D}.Debug|iPhone.ActiveCfg = Debug|Any CPU
		{331458E5-96E6-414C-A619-81C68CD90F8D}.Debug|iPhone.Build.0 = Debug|Any CPU
		{331458E5-96E6-414C-A619-81C68CD90F8D}.Debug|iPhoneSimulator.ActiveCfg = Debug|Any CPU
		{331458E5-96E6-414C-A619-81C68CD90F8D}.Debug|iPhoneSimulator.Build.0 = Debug|Any CPU
		{331458E5-96E6-414C-A619-81C68CD90F8D}.Release|Any CPU.ActiveCfg = Release|Any CPU
		{331458E5-96E6-414C-A619-81C68CD90F8D}.Release|Any CPU.Build.0 = Release|Any CPU
		{331458E5-96E6-414C-A619-81C68CD90F8D}.Release|iPhone.ActiveCfg = Release|Any CPU
		{331458E5-96E6-414C-A619-81C68CD90F8D}.Release|iPhone.Build.0 = Release|Any CPU
		{331458E5-96E6-414C-A619-81C68CD90F8D}.Release|iPhoneSimulator.ActiveCfg = Release|Any CPU
		{331458E5-96E6-414C-A619-81C68CD90F8D}.Release|iPhoneSimulator.Build.0 = Release|Any CPU
		{DF0B744F-B88F-4998-98AC-C57DE452F696}.Ad-Hoc|Any CPU.ActiveCfg = Debug|Any CPU
		{DF0B744F-B88F-4998-98AC-C57DE452F696}.Ad-Hoc|Any CPU.Build.0 = Debug|Any CPU
		{DF0B744F-B88F-4998-98AC-C57DE452F696}.Ad-Hoc|iPhone.ActiveCfg = Debug|Any CPU
		{DF0B744F-B88F-4998-98AC-C57DE452F696}.Ad-Hoc|iPhone.Build.0 = Debug|Any CPU
		{DF0B744F-B88F-4998-98AC-C57DE452F696}.Ad-Hoc|iPhoneSimulator.ActiveCfg = Debug|Any CPU
		{DF0B744F-B88F-4998-98AC-C57DE452F696}.Ad-Hoc|iPhoneSimulator.Build.0 = Debug|Any CPU
		{DF0B744F-B88F-4998-98AC-C57DE452F696}.AppStore|Any CPU.ActiveCfg = Debug|Any CPU
		{DF0B744F-B88F-4998-98AC-C57DE452F696}.AppStore|Any CPU.Build.0 = Debug|Any CPU
		{DF0B744F-B88F-4998-98AC-C57DE452F696}.AppStore|iPhone.ActiveCfg = Debug|Any CPU
		{DF0B744F-B88F-4998-98AC-C57DE452F696}.AppStore|iPhone.Build.0 = Debug|Any CPU
		{DF0B744F-B88F-4998-98AC-C57DE452F696}.AppStore|iPhoneSimulator.ActiveCfg = Debug|Any CPU
		{DF0B744F-B88F-4998-98AC-C57DE452F696}.AppStore|iPhoneSimulator.Build.0 = Debug|Any CPU
		{DF0B744F-B88F-4998-98AC-C57DE452F696}.Debug|Any CPU.ActiveCfg = Debug|Any CPU
		{DF0B744F-B88F-4998-98AC-C57DE452F696}.Debug|Any CPU.Build.0 = Debug|Any CPU
		{DF0B744F-B88F-4998-98AC-C57DE452F696}.Debug|iPhone.ActiveCfg = Debug|Any CPU
		{DF0B744F-B88F-4998-98AC-C57DE452F696}.Debug|iPhone.Build.0 = Debug|Any CPU
		{DF0B744F-B88F-4998-98AC-C57DE452F696}.Debug|iPhoneSimulator.ActiveCfg = Debug|Any CPU
		{DF0B744F-B88F-4998-98AC-C57DE452F696}.Debug|iPhoneSimulator.Build.0 = Debug|Any CPU
		{DF0B744F-B88F-4998-98AC-C57DE452F696}.Release|Any CPU.ActiveCfg = Release|Any CPU
		{DF0B744F-B88F-4998-98AC-C57DE452F696}.Release|Any CPU.Build.0 = Release|Any CPU
		{DF0B744F-B88F-4998-98AC-C57DE452F696}.Release|iPhone.ActiveCfg = Release|Any CPU
		{DF0B744F-B88F-4998-98AC-C57DE452F696}.Release|iPhone.Build.0 = Release|Any CPU
		{DF0B744F-B88F-4998-98AC-C57DE452F696}.Release|iPhoneSimulator.ActiveCfg = Release|Any CPU
		{DF0B744F-B88F-4998-98AC-C57DE452F696}.Release|iPhoneSimulator.Build.0 = Release|Any CPU
	EndGlobalSection
	GlobalSection(SolutionProperties) = preSolution
		HideSolutionNode = FALSE
	EndGlobalSection
	GlobalSection(ExtensibilityGlobals) = postSolution
		SolutionGuid = {9FB24F7F-297E-487E-ABC2-955AECDFB202}
	EndGlobalSection
EndGlobal
