
Microsoft Visual Studio Solution File, Format Version 12.00
# Visual Studio 15
VisualStudioVersion = 15.0.27428.2027
MinimumVisualStudioVersion = 10.0.40219.1
Project("{FAE04EC0-301F-11D3-BF4B-00C04F79EFBC}") = "IPG.Projeto.Mobile.Android", "IPG.Projeto.Mobile\IPG.Projeto.Mobile.Android\IPG.Projeto.Mobile.Android.csproj", "{837FD216-A830-482A-87FD-61F38C51B3F7}"
EndProject
Project("{FAE04EC0-301F-11D3-BF4B-00C04F79EFBC}") = "IPG.Projeto.Mobile.iOS", "IPG.Projeto.Mobile\IPG.Projeto.Mobile.iOS\IPG.Projeto.Mobile.iOS.csproj", "{CF1AD375-4FFC-4A0B-A20B-F140199FF1B0}"
EndProject
Project("{9A19103F-16F7-4668-BE54-9A1E7A4F7556}") = "IPG.Projeto.Mobile", "IPG.Projeto.Mobile\IPG.Projeto.Mobile\IPG.Projeto.Mobile.csproj", "{5DF72EE7-7AD7-40C4-8672-0C2FBF86E527}"
EndProject
Global
	GlobalSection(SolutionConfigurationPlatforms) = preSolution
		Ad-Hoc|Any CPU = Ad-Hoc|Any CPU
		Ad-Hoc|iPhone = Ad-Hoc|iPhone
		Ad-Hoc|iPhoneSimulator = Ad-Hoc|iPhoneSimulator
		AppStore|Any CPU = AppStore|Any CPU
		AppStore|iPhone = AppStore|iPhone
		AppStore|iPhoneSimulator = AppStore|iPhoneSimulator
		Debug|Any CPU = Debug|Any CPU
		Debug|iPhone = Debug|iPhone
		Debug|iPhoneSimulator = Debug|iPhoneSimulator
		Release|Any CPU = Release|Any CPU
		Release|iPhone = Release|iPhone
		Release|iPhoneSimulator = Release|iPhoneSimulator
	EndGlobalSection
	GlobalSection(ProjectConfigurationPlatforms) = postSolution
		{837FD216-A830-482A-87FD-61F38C51B3F7}.Ad-Hoc|Any CPU.ActiveCfg = Release|Any CPU
		{837FD216-A830-482A-87FD-61F38C51B3F7}.Ad-Hoc|Any CPU.Build.0 = Release|Any CPU
		{837FD216-A830-482A-87FD-61F38C51B3F7}.Ad-Hoc|Any CPU.Deploy.0 = Release|Any CPU
		{837FD216-A830-482A-87FD-61F38C51B3F7}.Ad-Hoc|iPhone.ActiveCfg = Release|Any CPU
		{837FD216-A830-482A-87FD-61F38C51B3F7}.Ad-Hoc|iPhone.Build.0 = Release|Any CPU
		{837FD216-A830-482A-87FD-61F38C51B3F7}.Ad-Hoc|iPhone.Deploy.0 = Release|Any CPU
		{837FD216-A830-482A-87FD-61F38C51B3F7}.Ad-Hoc|iPhoneSimulator.ActiveCfg = Release|Any CPU
		{837FD216-A830-482A-87FD-61F38C51B3F7}.Ad-Hoc|iPhoneSimulator.Build.0 = Release|Any CPU
		{837FD216-A830-482A-87FD-61F38C51B3F7}.Ad-Hoc|iPhoneSimulator.Deploy.0 = Release|Any CPU
		{837FD216-A830-482A-87FD-61F38C51B3F7}.AppStore|Any CPU.ActiveCfg = Release|Any CPU
		{837FD216-A830-482A-87FD-61F38C51B3F7}.AppStore|Any CPU.Build.0 = Release|Any CPU
		{837FD216-A830-482A-87FD-61F38C51B3F7}.AppStore|Any CPU.Deploy.0 = Release|Any CPU
		{837FD216-A830-482A-87FD-61F38C51B3F7}.AppStore|iPhone.ActiveCfg = Release|Any CPU
		{837FD216-A830-482A-87FD-61F38C51B3F7}.AppStore|iPhone.Build.0 = Release|Any CPU
		{837FD216-A830-482A-87FD-61F38C51B3F7}.AppStore|iPhone.Deploy.0 = Release|Any CPU
		{837FD216-A830-482A-87FD-61F38C51B3F7}.AppStore|iPhoneSimulator.ActiveCfg = Release|Any CPU
		{837FD216-A830-482A-87FD-61F38C51B3F7}.AppStore|iPhoneSimulator.Build.0 = Release|Any CPU
		{837FD216-A830-482A-87FD-61F38C51B3F7}.AppStore|iPhoneSimulator.Deploy.0 = Release|Any CPU
		{837FD216-A830-482A-87FD-61F38C51B3F7}.Debug|Any CPU.ActiveCfg = Debug|Any CPU
		{837FD216-A830-482A-87FD-61F38C51B3F7}.Debug|Any CPU.Build.0 = Debug|Any CPU
		{837FD216-A830-482A-87FD-61F38C51B3F7}.Debug|Any CPU.Deploy.0 = Debug|Any CPU
		{837FD216-A830-482A-87FD-61F38C51B3F7}.Debug|iPhone.ActiveCfg = Debug|Any CPU
		{837FD216-A830-482A-87FD-61F38C51B3F7}.Debug|iPhone.Build.0 = Debug|Any CPU
		{837FD216-A830-482A-87FD-61F38C51B3F7}.Debug|iPhone.Deploy.0 = Debug|Any CPU
		{837FD216-A830-482A-87FD-61F38C51B3F7}.Debug|iPhoneSimulator.ActiveCfg = Debug|Any CPU
		{837FD216-A830-482A-87FD-61F38C51B3F7}.Debug|iPhoneSimulator.Build.0 = Debug|Any CPU
		{837FD216-A830-482A-87FD-61F38C51B3F7}.Debug|iPhoneSimulator.Deploy.0 = Debug|Any CPU
		{837FD216-A830-482A-87FD-61F38C51B3F7}.Release|Any CPU.ActiveCfg = Release|Any CPU
		{837FD216-A830-482A-87FD-61F38C51B3F7}.Release|Any CPU.Build.0 = Release|Any CPU
		{837FD216-A830-482A-87FD-61F38C51B3F7}.Release|Any CPU.Deploy.0 = Release|Any CPU
		{837FD216-A830-482A-87FD-61F38C51B3F7}.Release|iPhone.ActiveCfg = Release|Any CPU
		{837FD216-A830-482A-87FD-61F38C51B3F7}.Release|iPhone.Build.0 = Release|Any CPU
		{837FD216-A830-482A-87FD-61F38C51B3F7}.Release|iPhone.Deploy.0 = Release|Any CPU
		{837FD216-A830-482A-87FD-61F38C51B3F7}.Release|iPhoneSimulator.ActiveCfg = Release|Any CPU
		{837FD216-A830-482A-87FD-61F38C51B3F7}.Release|iPhoneSimulator.Build.0 = Release|Any CPU
		{837FD216-A830-482A-87FD-61F38C51B3F7}.Release|iPhoneSimulator.Deploy.0 = Release|Any CPU
		{CF1AD375-4FFC-4A0B-A20B-F140199FF1B0}.Ad-Hoc|Any CPU.ActiveCfg = Ad-Hoc|iPhone
		{CF1AD375-4FFC-4A0B-A20B-F140199FF1B0}.Ad-Hoc|iPhone.ActiveCfg = Ad-Hoc|iPhone
		{CF1AD375-4FFC-4A0B-A20B-F140199FF1B0}.Ad-Hoc|iPhone.Build.0 = Ad-Hoc|iPhone
		{CF1AD375-4FFC-4A0B-A20B-F140199FF1B0}.Ad-Hoc|iPhoneSimulator.ActiveCfg = Ad-Hoc|iPhoneSimulator
		{CF1AD375-4FFC-4A0B-A20B-F140199FF1B0}.Ad-Hoc|iPhoneSimulator.Build.0 = Ad-Hoc|iPhoneSimulator
		{CF1AD375-4FFC-4A0B-A20B-F140199FF1B0}.AppStore|Any CPU.ActiveCfg = AppStore|iPhone
		{CF1AD375-4FFC-4A0B-A20B-F140199FF1B0}.AppStore|iPhone.ActiveCfg = AppStore|iPhone
		{CF1AD375-4FFC-4A0B-A20B-F140199FF1B0}.AppStore|iPhone.Build.0 = AppStore|iPhone
		{CF1AD375-4FFC-4A0B-A20B-F140199FF1B0}.AppStore|iPhoneSimulator.ActiveCfg = AppStore|iPhoneSimulator
		{CF1AD375-4FFC-4A0B-A20B-F140199FF1B0}.AppStore|iPhoneSimulator.Build.0 = AppStore|iPhoneSimulator
		{CF1AD375-4FFC-4A0B-A20B-F140199FF1B0}.Debug|Any CPU.ActiveCfg = Debug|iPhone
		{CF1AD375-4FFC-4A0B-A20B-F140199FF1B0}.Debug|iPhone.ActiveCfg = Debug|iPhone
		{CF1AD375-4FFC-4A0B-A20B-F140199FF1B0}.Debug|iPhone.Build.0 = Debug|iPhone
		{CF1AD375-4FFC-4A0B-A20B-F140199FF1B0}.Debug|iPhoneSimulator.ActiveCfg = Debug|iPhoneSimulator
		{CF1AD375-4FFC-4A0B-A20B-F140199FF1B0}.Debug|iPhoneSimulator.Build.0 = Debug|iPhoneSimulator
		{CF1AD375-4FFC-4A0B-A20B-F140199FF1B0}.Release|Any CPU.ActiveCfg = Release|iPhone
		{CF1AD375-4FFC-4A0B-A20B-F140199FF1B0}.Release|iPhone.ActiveCfg = Release|iPhone
		{CF1AD375-4FFC-4A0B-A20B-F140199FF1B0}.Release|iPhone.Build.0 = Release|iPhone
		{CF1AD375-4FFC-4A0B-A20B-F140199FF1B0}.Release|iPhoneSimulator.ActiveCfg = Release|iPhoneSimulator
		{CF1AD375-4FFC-4A0B-A20B-F140199FF1B0}.Release|iPhoneSimulator.Build.0 = Release|iPhoneSimulator
		{5DF72EE7-7AD7-40C4-8672-0C2FBF86E527}.Ad-Hoc|Any CPU.ActiveCfg = Debug|Any CPU
		{5DF72EE7-7AD7-40C4-8672-0C2FBF86E527}.Ad-Hoc|Any CPU.Build.0 = Debug|Any CPU
		{5DF72EE7-7AD7-40C4-8672-0C2FBF86E527}.Ad-Hoc|iPhone.ActiveCfg = Debug|Any CPU
		{5DF72EE7-7AD7-40C4-8672-0C2FBF86E527}.Ad-Hoc|iPhone.Build.0 = Debug|Any CPU
		{5DF72EE7-7AD7-40C4-8672-0C2FBF86E527}.Ad-Hoc|iPhoneSimulator.ActiveCfg = Debug|Any CPU
		{5DF72EE7-7AD7-40C4-8672-0C2FBF86E527}.Ad-Hoc|iPhoneSimulator.Build.0 = Debug|Any CPU
		{5DF72EE7-7AD7-40C4-8672-0C2FBF86E527}.AppStore|Any CPU.ActiveCfg = Debug|Any CPU
		{5DF72EE7-7AD7-40C4-8672-0C2FBF86E527}.AppStore|Any CPU.Build.0 = Debug|Any CPU
		{5DF72EE7-7AD7-40C4-8672-0C2FBF86E527}.AppStore|iPhone.ActiveCfg = Debug|Any CPU
		{5DF72EE7-7AD7-40C4-8672-0C2FBF86E527}.AppStore|iPhone.Build.0 = Debug|Any CPU
		{5DF72EE7-7AD7-40C4-8672-0C2FBF86E527}.AppStore|iPhoneSimulator.ActiveCfg = Debug|Any CPU
		{5DF72EE7-7AD7-40C4-8672-0C2FBF86E527}.AppStore|iPhoneSimulator.Build.0 = Debug|Any CPU
		{5DF72EE7-7AD7-40C4-8672-0C2FBF86E527}.Debug|Any CPU.ActiveCfg = Debug|Any CPU
		{5DF72EE7-7AD7-40C4-8672-0C2FBF86E527}.Debug|Any CPU.Build.0 = Debug|Any CPU
		{5DF72EE7-7AD7-40C4-8672-0C2FBF86E527}.Debug|iPhone.ActiveCfg = Debug|Any CPU
		{5DF72EE7-7AD7-40C4-8672-0C2FBF86E527}.Debug|iPhone.Build.0 = Debug|Any CPU
		{5DF72EE7-7AD7-40C4-8672-0C2FBF86E527}.Debug|iPhoneSimulator.ActiveCfg = Debug|Any CPU
		{5DF72EE7-7AD7-40C4-8672-0C2FBF86E527}.Debug|iPhoneSimulator.Build.0 = Debug|Any CPU
		{5DF72EE7-7AD7-40C4-8672-0C2FBF86E527}.Release|Any CPU.ActiveCfg = Release|Any CPU
		{5DF72EE7-7AD7-40C4-8672-0C2FBF86E527}.Release|Any CPU.Build.0 = Release|Any CPU
		{5DF72EE7-7AD7-40C4-8672-0C2FBF86E527}.Release|iPhone.ActiveCfg = Release|Any CPU
		{5DF72EE7-7AD7-40C4-8672-0C2FBF86E527}.Release|iPhone.Build.0 = Release|Any CPU
		{5DF72EE7-7AD7-40C4-8672-0C2FBF86E527}.Release|iPhoneSimulator.ActiveCfg = Release|Any CPU
		{5DF72EE7-7AD7-40C4-8672-0C2FBF86E527}.Release|iPhoneSimulator.Build.0 = Release|Any CPU
	EndGlobalSection
	GlobalSection(SolutionProperties) = preSolution
		HideSolutionNode = FALSE
	EndGlobalSection
	GlobalSection(ExtensibilityGlobals) = postSolution
		SolutionGuid = {5578E328-7DA3-4FB8-AF50-FC13B464601D}
	EndGlobalSection
EndGlobal
